
Microsoft Visual Studio Solution File, Format Version 12.00
# Visual Studio 14
VisualStudioVersion = 14.0.23107.0
MinimumVisualStudioVersion = 10.0.40219.1
Project("{FAE04EC0-301F-11D3-BF4B-00C04F79EFBC}") = "YahurrBot v.2", "YahurrBot v.2.csproj", "{BF4A2AA5-06EC-4E23-ABE5-CB7DCC60F052}"
EndProject
Project("{2150E333-8FDC-42A3-9474-1A3956D46DE8}") = "Solution Items", "Solution Items", "{DCC664D2-78B4-4377-AC98-E9917675A816}"
EndProject
Global
	GlobalSection(SolutionConfigurationPlatforms) = preSolution
		Debug|Any CPU = Debug|Any CPU
		Release|Any CPU = Release|Any CPU
	EndGlobalSection
	GlobalSection(ProjectConfigurationPlatforms) = postSolution
		{BF4A2AA5-06EC-4E23-ABE5-CB7DCC60F052}.Debug|Any CPU.ActiveCfg = Debug|Any CPU
		{BF4A2AA5-06EC-4E23-ABE5-CB7DCC60F052}.Debug|Any CPU.Build.0 = Debug|Any CPU
		{BF4A2AA5-06EC-4E23-ABE5-CB7DCC60F052}.Release|Any CPU.ActiveCfg = Release|Any CPU
		{BF4A2AA5-06EC-4E23-ABE5-CB7DCC60F052}.Release|Any CPU.Build.0 = Release|Any CPU
	EndGlobalSection
	GlobalSection(SolutionProperties) = preSolution
		HideSolutionNode = FALSE
	EndGlobalSection
EndGlobal
